// !$*UTF8*$!
{
	archiveVersion = 1;
	classes = {
	};
	objectVersion = 55;
	objects = {

/* Begin PBXBuildFile section */
		825CB29328D2052100150B88 /* Bitrise_CI_testApp.swift in Sources */ = {isa = PBXBuildFile; fileRef = 825CB29228D2052100150B88 /* Bitrise_CI_testApp.swift */; };
		825CB29528D2052100150B88 /* ContentView.swift in Sources */ = {isa = PBXBuildFile; fileRef = 825CB29428D2052100150B88 /* ContentView.swift */; };
		825CB29728D2052400150B88 /* Assets.xcassets in Resources */ = {isa = PBXBuildFile; fileRef = 825CB29628D2052400150B88 /* Assets.xcassets */; };
		825CB29A28D2052400150B88 /* Preview Assets.xcassets in Resources */ = {isa = PBXBuildFile; fileRef = 825CB29928D2052400150B88 /* Preview Assets.xcassets */; };
		825CB2A128D20CFB00150B88 /* CombinationViewModel.swift in Sources */ = {isa = PBXBuildFile; fileRef = 825CB2A028D20CFB00150B88 /* CombinationViewModel.swift */; };
		825CB2B628D2110F00150B88 /* Bitrise_CI_test_Unit_Tests.swift in Sources */ = {isa = PBXBuildFile; fileRef = 825CB2B528D2110F00150B88 /* Bitrise_CI_test_Unit_Tests.swift */; };
		825CB2BD28D2113500150B88 /* CombinationTests.swift in Sources */ = {isa = PBXBuildFile; fileRef = 825CB2BC28D2113500150B88 /* CombinationTests.swift */; };
/* End PBXBuildFile section */

/* Begin PBXContainerItemProxy section */
		825CB2B728D2110F00150B88 /* PBXContainerItemProxy */ = {
			isa = PBXContainerItemProxy;
			containerPortal = 825CB28728D2052100150B88 /* Project object */;
			proxyType = 1;
			remoteGlobalIDString = 825CB28E28D2052100150B88;
			remoteInfo = "Bitrise CI test";
		};
/* End PBXContainerItemProxy section */

/* Begin PBXFileReference section */
		825CB28F28D2052100150B88 /* Bitrise CI test.app */ = {isa = PBXFileReference; explicitFileType = wrapper.application; includeInIndex = 0; path = "Bitrise CI test.app"; sourceTree = BUILT_PRODUCTS_DIR; };
		825CB29228D2052100150B88 /* Bitrise_CI_testApp.swift */ = {isa = PBXFileReference; lastKnownFileType = sourcecode.swift; path = Bitrise_CI_testApp.swift; sourceTree = "<group>"; };
		825CB29428D2052100150B88 /* ContentView.swift */ = {isa = PBXFileReference; lastKnownFileType = sourcecode.swift; path = ContentView.swift; sourceTree = "<group>"; };
		825CB29628D2052400150B88 /* Assets.xcassets */ = {isa = PBXFileReference; lastKnownFileType = folder.assetcatalog; path = Assets.xcassets; sourceTree = "<group>"; };
		825CB29928D2052400150B88 /* Preview Assets.xcassets */ = {isa = PBXFileReference; lastKnownFileType = folder.assetcatalog; path = "Preview Assets.xcassets"; sourceTree = "<group>"; };
		825CB2A028D20CFB00150B88 /* CombinationViewModel.swift */ = {isa = PBXFileReference; lastKnownFileType = sourcecode.swift; path = CombinationViewModel.swift; sourceTree = "<group>"; };
		825CB2B328D2110E00150B88 /* Bitrise CI test Unit Tests.xctest */ = {isa = PBXFileReference; explicitFileType = wrapper.cfbundle; includeInIndex = 0; path = "Bitrise CI test Unit Tests.xctest"; sourceTree = BUILT_PRODUCTS_DIR; };
		825CB2B528D2110F00150B88 /* Bitrise_CI_test_Unit_Tests.swift */ = {isa = PBXFileReference; lastKnownFileType = sourcecode.swift; path = Bitrise_CI_test_Unit_Tests.swift; sourceTree = "<group>"; };
		825CB2BC28D2113500150B88 /* CombinationTests.swift */ = {isa = PBXFileReference; lastKnownFileType = sourcecode.swift; path = CombinationTests.swift; sourceTree = "<group>"; };
/* End PBXFileReference section */

/* Begin PBXFrameworksBuildPhase section */
		825CB28C28D2052100150B88 /* Frameworks */ = {
			isa = PBXFrameworksBuildPhase;
			buildActionMask = 2147483647;
			files = (
			);
			runOnlyForDeploymentPostprocessing = 0;
		};
		825CB2B028D2110E00150B88 /* Frameworks */ = {
			isa = PBXFrameworksBuildPhase;
			buildActionMask = 2147483647;
			files = (
			);
			runOnlyForDeploymentPostprocessing = 0;
		};
/* End PBXFrameworksBuildPhase section */

/* Begin PBXGroup section */
		825CB28628D2052100150B88 = {
			isa = PBXGroup;
			children = (
				825CB29128D2052100150B88 /* Bitrise CI test */,
				825CB2B428D2110F00150B88 /* Bitrise CI test Unit Tests */,
				825CB29028D2052100150B88 /* Products */,
			);
			sourceTree = "<group>";
		};
		825CB29028D2052100150B88 /* Products */ = {
			isa = PBXGroup;
			children = (
				825CB28F28D2052100150B88 /* Bitrise CI test.app */,
				825CB2B328D2110E00150B88 /* Bitrise CI test Unit Tests.xctest */,
			);
			name = Products;
			sourceTree = "<group>";
		};
		825CB29128D2052100150B88 /* Bitrise CI test */ = {
			isa = PBXGroup;
			children = (
				825CB29228D2052100150B88 /* Bitrise_CI_testApp.swift */,
				825CB29428D2052100150B88 /* ContentView.swift */,
				825CB29628D2052400150B88 /* Assets.xcassets */,
				825CB29828D2052400150B88 /* Preview Content */,
				825CB2A028D20CFB00150B88 /* CombinationViewModel.swift */,
			);
			path = "Bitrise CI test";
			sourceTree = "<group>";
		};
		825CB29828D2052400150B88 /* Preview Content */ = {
			isa = PBXGroup;
			children = (
				825CB29928D2052400150B88 /* Preview Assets.xcassets */,
			);
			path = "Preview Content";
			sourceTree = "<group>";
		};
		825CB2B428D2110F00150B88 /* Bitrise CI test Unit Tests */ = {
			isa = PBXGroup;
			children = (
				825CB2B528D2110F00150B88 /* Bitrise_CI_test_Unit_Tests.swift */,
				825CB2BC28D2113500150B88 /* CombinationTests.swift */,
			);
			path = "Bitrise CI test Unit Tests";
			sourceTree = "<group>";
		};
/* End PBXGroup section */

/* Begin PBXNativeTarget section */
		825CB28E28D2052100150B88 /* Bitrise CI test */ = {
			isa = PBXNativeTarget;
			buildConfigurationList = 825CB29D28D2052400150B88 /* Build configuration list for PBXNativeTarget "Bitrise CI test" */;
			buildPhases = (
				825CB28B28D2052100150B88 /* Sources */,
				825CB28C28D2052100150B88 /* Frameworks */,
				825CB28D28D2052100150B88 /* Resources */,
			);
			buildRules = (
			);
			dependencies = (
			);
			name = "Bitrise CI test";
			productName = "Bitrise CI test";
			productReference = 825CB28F28D2052100150B88 /* Bitrise CI test.app */;
			productType = "com.apple.product-type.application";
		};
		825CB2B228D2110E00150B88 /* Bitrise CI test Unit Tests */ = {
			isa = PBXNativeTarget;
			buildConfigurationList = 825CB2B928D2110F00150B88 /* Build configuration list for PBXNativeTarget "Bitrise CI test Unit Tests" */;
			buildPhases = (
				825CB2AF28D2110E00150B88 /* Sources */,
				825CB2B028D2110E00150B88 /* Frameworks */,
				825CB2B128D2110E00150B88 /* Resources */,
			);
			buildRules = (
			);
			dependencies = (
				825CB2B828D2110F00150B88 /* PBXTargetDependency */,
			);
			name = "Bitrise CI test Unit Tests";
			productName = "Bitrise CI test Unit Tests";
			productReference = 825CB2B328D2110E00150B88 /* Bitrise CI test Unit Tests.xctest */;
			productType = "com.apple.product-type.bundle.unit-test";
		};
/* End PBXNativeTarget section */

/* Begin PBXProject section */
		825CB28728D2052100150B88 /* Project object */ = {
			isa = PBXProject;
			attributes = {
				BuildIndependentTargetsInParallel = 1;
				LastSwiftUpdateCheck = 1320;
				LastUpgradeCheck = 1320;
				TargetAttributes = {
					825CB28E28D2052100150B88 = {
						CreatedOnToolsVersion = 13.2.1;
					};
					825CB2B228D2110E00150B88 = {
						CreatedOnToolsVersion = 13.2.1;
						TestTargetID = 825CB28E28D2052100150B88;
					};
				};
			};
			buildConfigurationList = 825CB28A28D2052100150B88 /* Build configuration list for PBXProject "Bitrise CI test" */;
			compatibilityVersion = "Xcode 13.0";
			developmentRegion = en;
			hasScannedForEncodings = 0;
			knownRegions = (
				en,
				Base,
			);
			mainGroup = 825CB28628D2052100150B88;
			productRefGroup = 825CB29028D2052100150B88 /* Products */;
			projectDirPath = "";
			projectRoot = "";
			targets = (
				825CB28E28D2052100150B88 /* Bitrise CI test */,
				825CB2B228D2110E00150B88 /* Bitrise CI test Unit Tests */,
			);
		};
/* End PBXProject section */

/* Begin PBXResourcesBuildPhase section */
		825CB28D28D2052100150B88 /* Resources */ = {
			isa = PBXResourcesBuildPhase;
			buildActionMask = 2147483647;
			files = (
				825CB29A28D2052400150B88 /* Preview Assets.xcassets in Resources */,
				825CB29728D2052400150B88 /* Assets.xcassets in Resources */,
			);
			runOnlyForDeploymentPostprocessing = 0;
		};
		825CB2B128D2110E00150B88 /* Resources */ = {
			isa = PBXResourcesBuildPhase;
			buildActionMask = 2147483647;
			files = (
			);
			runOnlyForDeploymentPostprocessing = 0;
		};
/* End PBXResourcesBuildPhase section */

/* Begin PBXSourcesBuildPhase section */
		825CB28B28D2052100150B88 /* Sources */ = {
			isa = PBXSourcesBuildPhase;
			buildActionMask = 2147483647;
			files = (
				825CB29528D2052100150B88 /* ContentView.swift in Sources */,
				825CB2A128D20CFB00150B88 /* CombinationViewModel.swift in Sources */,
				825CB29328D2052100150B88 /* Bitrise_CI_testApp.swift in Sources */,
			);
			runOnlyForDeploymentPostprocessing = 0;
		};
		825CB2AF28D2110E00150B88 /* Sources */ = {
			isa = PBXSourcesBuildPhase;
			buildActionMask = 2147483647;
			files = (
				825CB2B628D2110F00150B88 /* Bitrise_CI_test_Unit_Tests.swift in Sources */,
				825CB2BD28D2113500150B88 /* CombinationTests.swift in Sources */,
			);
			runOnlyForDeploymentPostprocessing = 0;
		};
/* End PBXSourcesBuildPhase section */

/* Begin PBXTargetDependency section */
		825CB2B828D2110F00150B88 /* PBXTargetDependency */ = {
			isa = PBXTargetDependency;
			target = 825CB28E28D2052100150B88 /* Bitrise CI test */;
			targetProxy = 825CB2B728D2110F00150B88 /* PBXContainerItemProxy */;
		};
/* End PBXTargetDependency section */

/* Begin XCBuildConfiguration section */
		825CB29B28D2052400150B88 /* Debug */ = {
			isa = XCBuildConfiguration;
			buildSettings = {
				ALWAYS_SEARCH_USER_PATHS = NO;
				CLANG_ANALYZER_NONNULL = YES;
				CLANG_ANALYZER_NUMBER_OBJECT_CONVERSION = YES_AGGRESSIVE;
				CLANG_CXX_LANGUAGE_STANDARD = "gnu++17";
				CLANG_CXX_LIBRARY = "libc++";
				CLANG_ENABLE_MODULES = YES;
				CLANG_ENABLE_OBJC_ARC = YES;
				CLANG_ENABLE_OBJC_WEAK = YES;
				CLANG_WARN_BLOCK_CAPTURE_AUTORELEASING = YES;
				CLANG_WARN_BOOL_CONVERSION = YES;
				CLANG_WARN_COMMA = YES;
				CLANG_WARN_CONSTANT_CONVERSION = YES;
				CLANG_WARN_DEPRECATED_OBJC_IMPLEMENTATIONS = YES;
				CLANG_WARN_DIRECT_OBJC_ISA_USAGE = YES_ERROR;
				CLANG_WARN_DOCUMENTATION_COMMENTS = YES;
				CLANG_WARN_EMPTY_BODY = YES;
				CLANG_WARN_ENUM_CONVERSION = YES;
				CLANG_WARN_INFINITE_RECURSION = YES;
				CLANG_WARN_INT_CONVERSION = YES;
				CLANG_WARN_NON_LITERAL_NULL_CONVERSION = YES;
				CLANG_WARN_OBJC_IMPLICIT_RETAIN_SELF = YES;
				CLANG_WARN_OBJC_LITERAL_CONVERSION = YES;
				CLANG_WARN_OBJC_ROOT_CLASS = YES_ERROR;
				CLANG_WARN_QUOTED_INCLUDE_IN_FRAMEWORK_HEADER = YES;
				CLANG_WARN_RANGE_LOOP_ANALYSIS = YES;
				CLANG_WARN_STRICT_PROTOTYPES = YES;
				CLANG_WARN_SUSPICIOUS_MOVE = YES;
				CLANG_WARN_UNGUARDED_AVAILABILITY = YES_AGGRESSIVE;
				CLANG_WARN_UNREACHABLE_CODE = YES;
				CLANG_WARN__DUPLICATE_METHOD_MATCH = YES;
				COPY_PHASE_STRIP = NO;
				DEBUG_INFORMATION_FORMAT = dwarf;
				ENABLE_STRICT_OBJC_MSGSEND = YES;
				ENABLE_TESTABILITY = YES;
				GCC_C_LANGUAGE_STANDARD = gnu11;
				GCC_DYNAMIC_NO_PIC = NO;
				GCC_NO_COMMON_BLOCKS = YES;
				GCC_OPTIMIZATION_LEVEL = 0;
				GCC_PREPROCESSOR_DEFINITIONS = (
					"DEBUG=1",
					"$(inherited)",
				);
				GCC_WARN_64_TO_32_BIT_CONVERSION = YES;
				GCC_WARN_ABOUT_RETURN_TYPE = YES_ERROR;
				GCC_WARN_UNDECLARED_SELECTOR = YES;
				GCC_WARN_UNINITIALIZED_AUTOS = YES_AGGRESSIVE;
				GCC_WARN_UNUSED_FUNCTION = YES;
				GCC_WARN_UNUSED_VARIABLE = YES;
				IPHONEOS_DEPLOYMENT_TARGET = 15.2;
				MTL_ENABLE_DEBUG_INFO = INCLUDE_SOURCE;
				MTL_FAST_MATH = YES;
				ONLY_ACTIVE_ARCH = YES;
				SDKROOT = iphoneos;
				SWIFT_ACTIVE_COMPILATION_CONDITIONS = DEBUG;
				SWIFT_OPTIMIZATION_LEVEL = "-Onone";
			};
			name = Debug;
		};
		825CB29C28D2052400150B88 /* Release */ = {
			isa = XCBuildConfiguration;
			buildSettings = {
				ALWAYS_SEARCH_USER_PATHS = NO;
				CLANG_ANALYZER_NONNULL = YES;
				CLANG_ANALYZER_NUMBER_OBJECT_CONVERSION = YES_AGGRESSIVE;
				CLANG_CXX_LANGUAGE_STANDARD = "gnu++17";
				CLANG_CXX_LIBRARY = "libc++";
				CLANG_ENABLE_MODULES = YES;
				CLANG_ENABLE_OBJC_ARC = YES;
				CLANG_ENABLE_OBJC_WEAK = YES;
				CLANG_WARN_BLOCK_CAPTURE_AUTORELEASING = YES;
				CLANG_WARN_BOOL_CONVERSION = YES;
				CLANG_WARN_COMMA = YES;
				CLANG_WARN_CONSTANT_CONVERSION = YES;
				CLANG_WARN_DEPRECATED_OBJC_IMPLEMENTATIONS = YES;
				CLANG_WARN_DIRECT_OBJC_ISA_USAGE = YES_ERROR;
				CLANG_WARN_DOCUMENTATION_COMMENTS = YES;
				CLANG_WARN_EMPTY_BODY = YES;
				CLANG_WARN_ENUM_CONVERSION = YES;
				CLANG_WARN_INFINITE_RECURSION = YES;
				CLANG_WARN_INT_CONVERSION = YES;
				CLANG_WARN_NON_LITERAL_NULL_CONVERSION = YES;
				CLANG_WARN_OBJC_IMPLICIT_RETAIN_SELF = YES;
				CLANG_WARN_OBJC_LITERAL_CONVERSION = YES;
				CLANG_WARN_OBJC_ROOT_CLASS = YES_ERROR;
				CLANG_WARN_QUOTED_INCLUDE_IN_FRAMEWORK_HEADER = YES;
				CLANG_WARN_RANGE_LOOP_ANALYSIS = YES;
				CLANG_WARN_STRICT_PROTOTYPES = YES;
				CLANG_WARN_SUSPICIOUS_MOVE = YES;
				CLANG_WARN_UNGUARDED_AVAILABILITY = YES_AGGRESSIVE;
				CLANG_WARN_UNREACHABLE_CODE = YES;
				CLANG_WARN__DUPLICATE_METHOD_MATCH = YES;
				COPY_PHASE_STRIP = NO;
				DEBUG_INFORMATION_FORMAT = "dwarf-with-dsym";
				ENABLE_NS_ASSERTIONS = NO;
				ENABLE_STRICT_OBJC_MSGSEND = YES;
				GCC_C_LANGUAGE_STANDARD = gnu11;
				GCC_NO_COMMON_BLOCKS = YES;
				GCC_WARN_64_TO_32_BIT_CONVERSION = YES;
				GCC_WARN_ABOUT_RETURN_TYPE = YES_ERROR;
				GCC_WARN_UNDECLARED_SELECTOR = YES;
				GCC_WARN_UNINITIALIZED_AUTOS = YES_AGGRESSIVE;
				GCC_WARN_UNUSED_FUNCTION = YES;
				GCC_WARN_UNUSED_VARIABLE = YES;
				IPHONEOS_DEPLOYMENT_TARGET = 15.2;
				MTL_ENABLE_DEBUG_INFO = NO;
				MTL_FAST_MATH = YES;
				SDKROOT = iphoneos;
				SWIFT_COMPILATION_MODE = wholemodule;
				SWIFT_OPTIMIZATION_LEVEL = "-O";
				VALIDATE_PRODUCT = YES;
			};
			name = Release;
		};
		825CB29E28D2052400150B88 /* Debug */ = {
			isa = XCBuildConfiguration;
			buildSettings = {
				ASSETCATALOG_COMPILER_APPICON_NAME = AppIcon;
				ASSETCATALOG_COMPILER_GLOBAL_ACCENT_COLOR_NAME = AccentColor;
				CODE_SIGN_STYLE = Automatic;
				CURRENT_PROJECT_VERSION = 1;
				DEVELOPMENT_ASSET_PATHS = "\"Bitrise CI test/Preview Content\"";
				ENABLE_PREVIEWS = YES;
				GENERATE_INFOPLIST_FILE = YES;
				INFOPLIST_KEY_UIApplicationSceneManifest_Generation = YES;
				INFOPLIST_KEY_UIApplicationSupportsIndirectInputEvents = YES;
				INFOPLIST_KEY_UILaunchScreen_Generation = YES;
				INFOPLIST_KEY_UISupportedInterfaceOrientations_iPad = "UIInterfaceOrientationPortrait UIInterfaceOrientationPortraitUpsideDown UIInterfaceOrientationLandscapeLeft UIInterfaceOrientationLandscapeRight";
				INFOPLIST_KEY_UISupportedInterfaceOrientations_iPhone = "UIInterfaceOrientationPortrait UIInterfaceOrientationLandscapeLeft UIInterfaceOrientationLandscapeRight";
				LD_RUNPATH_SEARCH_PATHS = (
					"$(inherited)",
					"@executable_path/Frameworks",
				);
				MARKETING_VERSION = 1.0;
				PRODUCT_BUNDLE_IDENTIFIER = "mohsen.Bitrise-CI-test";
				PRODUCT_NAME = "$(TARGET_NAME)";
				SWIFT_EMIT_LOC_STRINGS = YES;
				SWIFT_VERSION = 5.0;
				TARGETED_DEVICE_FAMILY = "1,2";
			};
			name = Debug;
		};
		825CB29F28D2052400150B88 /* Release */ = {
			isa = XCBuildConfiguration;
			buildSettings = {
				ASSETCATALOG_COMPILER_APPICON_NAME = AppIcon;
				ASSETCATALOG_COMPILER_GLOBAL_ACCENT_COLOR_NAME = AccentColor;
				CODE_SIGN_STYLE = Automatic;
				CURRENT_PROJECT_VERSION = 1;
				DEVELOPMENT_ASSET_PATHS = "\"Bitrise CI test/Preview Content\"";
				ENABLE_PREVIEWS = YES;
				GENERATE_INFOPLIST_FILE = YES;
				INFOPLIST_KEY_UIApplicationSceneManifest_Generation = YES;
				INFOPLIST_KEY_UIApplicationSupportsIndirectInputEvents = YES;
				INFOPLIST_KEY_UILaunchScreen_Generation = YES;
				INFOPLIST_KEY_UISupportedInterfaceOrientations_iPad = "UIInterfaceOrientationPortrait UIInterfaceOrientationPortraitUpsideDown UIInterfaceOrientationLandscapeLeft UIInterfaceOrientationLandscapeRight";
				INFOPLIST_KEY_UISupportedInterfaceOrientations_iPhone = "UIInterfaceOrientationPortrait UIInterfaceOrientationLandscapeLeft UIInterfaceOrientationLandscapeRight";
				LD_RUNPATH_SEARCH_PATHS = (
					"$(inherited)",
					"@executable_path/Frameworks",
				);
				MARKETING_VERSION = 1.0;
				PRODUCT_BUNDLE_IDENTIFIER = "mohsen.Bitrise-CI-test";
				PRODUCT_NAME = "$(TARGET_NAME)";
				SWIFT_EMIT_LOC_STRINGS = YES;
				SWIFT_VERSION = 5.0;
				TARGETED_DEVICE_FAMILY = "1,2";
			};
			name = Release;
		};
		825CB2BA28D2110F00150B88 /* Debug */ = {
			isa = XCBuildConfiguration;
			buildSettings = {
				BUNDLE_LOADER = "$(TEST_HOST)";
				CODE_SIGN_STYLE = Automatic;
				CURRENT_PROJECT_VERSION = 1;
				GENERATE_INFOPLIST_FILE = YES;
				MARKETING_VERSION = 1.0;
				PRODUCT_BUNDLE_IDENTIFIER = "mohsen.Bitrise-CI-test-Unit-Tests";
				PRODUCT_NAME = "$(TARGET_NAME)";
				SWIFT_EMIT_LOC_STRINGS = NO;
				SWIFT_VERSION = 5.0;
				TARGETED_DEVICE_FAMILY = "1,2";
				TEST_HOST = "$(BUILT_PRODUCTS_DIR)/Bitrise CI test.app/Bitrise CI test";
			};
			name = Debug;
		};
		825CB2BB28D2110F00150B88 /* Release */ = {
			isa = XCBuildConfiguration;
			buildSettings = {
				BUNDLE_LOADER = "$(TEST_HOST)";
				CODE_SIGN_STYLE = Automatic;
				CURRENT_PROJECT_VERSION = 1;
				GENERATE_INFOPLIST_FILE = YES;
				MARKETING_VERSION = 1.0;
				PRODUCT_BUNDLE_IDENTIFIER = "mohsen.Bitrise-CI-test-Unit-Tests";
				PRODUCT_NAME = "$(TARGET_NAME)";
				SWIFT_EMIT_LOC_STRINGS = NO;
				SWIFT_VERSION = 5.0;
				TARGETED_DEVICE_FAMILY = "1,2";
				TEST_HOST = "$(BUILT_PRODUCTS_DIR)/Bitrise CI test.app/Bitrise CI test";
			};
			name = Release;
		};
/* End XCBuildConfiguration section */

/* Begin XCConfigurationList section */
		825CB28A28D2052100150B88 /* Build configuration list for PBXProject "Bitrise CI test" */ = {
			isa = XCConfigurationList;
			buildConfigurations = (
				825CB29B28D2052400150B88 /* Debug */,
				825CB29C28D2052400150B88 /* Release */,
			);
			defaultConfigurationIsVisible = 0;
			defaultConfigurationName = Release;
		};
		825CB29D28D2052400150B88 /* Build configuration list for PBXNativeTarget "Bitrise CI test" */ = {
			isa = XCConfigurationList;
			buildConfigurations = (
				825CB29E28D2052400150B88 /* Debug */,
				825CB29F28D2052400150B88 /* Release */,
			);
			defaultConfigurationIsVisible = 0;
			defaultConfigurationName = Release;
		};
		825CB2B928D2110F00150B88 /* Build configuration list for PBXNativeTarget "Bitrise CI test Unit Tests" */ = {
			isa = XCConfigurationList;
			buildConfigurations = (
				825CB2BA28D2110F00150B88 /* Debug */,
				825CB2BB28D2110F00150B88 /* Release */,
			);
			defaultConfigurationIsVisible = 0;
			defaultConfigurationName = Release;
		};
/* End XCConfigurationList section */
	};
	rootObject = 825CB28728D2052100150B88 /* Project object */;
}
